// !$*UTF8*$!
{
	archiveVersion = 1;
	classes = {
	};
	objectVersion = 46;
	objects = {

/* Begin PBXBuildFile section */
		A62AAD4D19A9F030006DFC77 /* main.m in Sources */ = {isa = PBXBuildFile; fileRef = A62AAD4C19A9F030006DFC77 /* main.m */; };
		A62AAD5019A9F030006DFC77 /* AppDelegate.m in Sources */ = {isa = PBXBuildFile; fileRef = A62AAD4F19A9F030006DFC77 /* AppDelegate.m */; };
		A62AAD5219A9F030006DFC77 /* Images.xcassets in Resources */ = {isa = PBXBuildFile; fileRef = A62AAD5119A9F030006DFC77 /* Images.xcassets */; };
		A62AAD5519A9F030006DFC77 /* MainMenu.xib in Resources */ = {isa = PBXBuildFile; fileRef = A62AAD5319A9F030006DFC77 /* MainMenu.xib */; };
		A62AAD6119A9F030006DFC77 /* ProgressDialogTests.m in Sources */ = {isa = PBXBuildFile; fileRef = A62AAD6019A9F030006DFC77 /* ProgressDialogTests.m */; };
		A62AAD6D19A9F496006DFC77 /* ProgressDialog.sdef in Resources */ = {isa = PBXBuildFile; fileRef = A62AAD6C19A9F496006DFC77 /* ProgressDialog.sdef */; };
		A62AAD7019A9F99B006DFC77 /* PRDWindow.m in Sources */ = {isa = PBXBuildFile; fileRef = A62AAD6F19A9F99B006DFC77 /* PRDWindow.m */; };
		A62AAD7219B22EE7006DFC77 /* ProgressDialog.icns in Resources */ = {isa = PBXBuildFile; fileRef = A62AAD7119B22EE7006DFC77 /* ProgressDialog.icns */; };
/* End PBXBuildFile section */

/* Begin PBXContainerItemProxy section */
		A62AAD5B19A9F030006DFC77 /* PBXContainerItemProxy */ = {
			isa = PBXContainerItemProxy;
			containerPortal = A62AAD3F19A9F030006DFC77 /* Project object */;
			proxyType = 1;
			remoteGlobalIDString = A62AAD4619A9F030006DFC77;
			remoteInfo = ProgressDialog;
		};
/* End PBXContainerItemProxy section */

/* Begin PBXFileReference section */
		A62AAD4719A9F030006DFC77 /* ProgressDialog.app */ = {isa = PBXFileReference; explicitFileType = wrapper.application; includeInIndex = 0; path = ProgressDialog.app; sourceTree = BUILT_PRODUCTS_DIR; };
		A62AAD4B19A9F030006DFC77 /* Info.plist */ = {isa = PBXFileReference; lastKnownFileType = text.plist.xml; path = Info.plist; sourceTree = "<group>"; };
		A62AAD4C19A9F030006DFC77 /* main.m */ = {isa = PBXFileReference; lastKnownFileType = sourcecode.c.objc; path = main.m; sourceTree = "<group>"; };
		A62AAD4E19A9F030006DFC77 /* AppDelegate.h */ = {isa = PBXFileReference; lastKnownFileType = sourcecode.c.h; path = AppDelegate.h; sourceTree = "<group>"; };
		A62AAD4F19A9F030006DFC77 /* AppDelegate.m */ = {isa = PBXFileReference; lastKnownFileType = sourcecode.c.objc; path = AppDelegate.m; sourceTree = "<group>"; };
		A62AAD5119A9F030006DFC77 /* Images.xcassets */ = {isa = PBXFileReference; lastKnownFileType = folder.assetcatalog; path = Images.xcassets; sourceTree = "<group>"; };
		A62AAD5419A9F030006DFC77 /* Base */ = {isa = PBXFileReference; lastKnownFileType = file.xib; name = Base; path = Base.lproj/MainMenu.xib; sourceTree = "<group>"; };
		A62AAD5A19A9F030006DFC77 /* ProgressDialogTests.xctest */ = {isa = PBXFileReference; explicitFileType = wrapper.cfbundle; includeInIndex = 0; path = ProgressDialogTests.xctest; sourceTree = BUILT_PRODUCTS_DIR; };
		A62AAD5F19A9F030006DFC77 /* Info.plist */ = {isa = PBXFileReference; lastKnownFileType = text.plist.xml; path = Info.plist; sourceTree = "<group>"; };
		A62AAD6019A9F030006DFC77 /* ProgressDialogTests.m */ = {isa = PBXFileReference; lastKnownFileType = sourcecode.c.objc; path = ProgressDialogTests.m; sourceTree = "<group>"; };
		A62AAD6C19A9F496006DFC77 /* ProgressDialog.sdef */ = {isa = PBXFileReference; fileEncoding = 4; lastKnownFileType = text.xml; path = ProgressDialog.sdef; sourceTree = "<group>"; };
		A62AAD6E19A9F99B006DFC77 /* PRDWindow.h */ = {isa = PBXFileReference; fileEncoding = 4; lastKnownFileType = sourcecode.c.h; path = PRDWindow.h; sourceTree = "<group>"; };
		A62AAD6F19A9F99B006DFC77 /* PRDWindow.m */ = {isa = PBXFileReference; fileEncoding = 4; lastKnownFileType = sourcecode.c.objc; path = PRDWindow.m; sourceTree = "<group>"; };
		A62AAD7119B22EE7006DFC77 /* ProgressDialog.icns */ = {isa = PBXFileReference; lastKnownFileType = image.icns; path = ProgressDialog.icns; sourceTree = "<group>"; };
/* End PBXFileReference section */

/* Begin PBXFrameworksBuildPhase section */
		A62AAD4419A9F030006DFC77 /* Frameworks */ = {
			isa = PBXFrameworksBuildPhase;
			buildActionMask = 2147483647;
			files = (
			);
			runOnlyForDeploymentPostprocessing = 0;
		};
		A62AAD5719A9F030006DFC77 /* Frameworks */ = {
			isa = PBXFrameworksBuildPhase;
			buildActionMask = 2147483647;
			files = (
			);
			runOnlyForDeploymentPostprocessing = 0;
		};
/* End PBXFrameworksBuildPhase section */

/* Begin PBXGroup section */
		A62AAD3E19A9F030006DFC77 = {
			isa = PBXGroup;
			children = (
				A62AAD4919A9F030006DFC77 /* ProgressDialog */,
				A62AAD5D19A9F030006DFC77 /* ProgressDialogTests */,
				A62AAD4819A9F030006DFC77 /* Products */,
			);
			sourceTree = "<group>";
		};
		A62AAD4819A9F030006DFC77 /* Products */ = {
			isa = PBXGroup;
			children = (
				A62AAD4719A9F030006DFC77 /* ProgressDialog.app */,
				A62AAD5A19A9F030006DFC77 /* ProgressDialogTests.xctest */,
			);
			name = Products;
			sourceTree = "<group>";
		};
		A62AAD4919A9F030006DFC77 /* ProgressDialog */ = {
			isa = PBXGroup;
			children = (
				A62AAD4E19A9F030006DFC77 /* AppDelegate.h */,
				A62AAD4F19A9F030006DFC77 /* AppDelegate.m */,
				A62AAD6E19A9F99B006DFC77 /* PRDWindow.h */,
				A62AAD6F19A9F99B006DFC77 /* PRDWindow.m */,
				A62AAD5119A9F030006DFC77 /* Images.xcassets */,
				A62AAD5319A9F030006DFC77 /* MainMenu.xib */,
				A62AAD7119B22EE7006DFC77 /* ProgressDialog.icns */,
				A62AAD6C19A9F496006DFC77 /* ProgressDialog.sdef */,
				A62AAD4A19A9F030006DFC77 /* Supporting Files */,
			);
			path = ProgressDialog;
			sourceTree = "<group>";
		};
		A62AAD4A19A9F030006DFC77 /* Supporting Files */ = {
			isa = PBXGroup;
			children = (
				A62AAD4B19A9F030006DFC77 /* Info.plist */,
				A62AAD4C19A9F030006DFC77 /* main.m */,
			);
			name = "Supporting Files";
			sourceTree = "<group>";
		};
		A62AAD5D19A9F030006DFC77 /* ProgressDialogTests */ = {
			isa = PBXGroup;
			children = (
				A62AAD6019A9F030006DFC77 /* ProgressDialogTests.m */,
				A62AAD5E19A9F030006DFC77 /* Supporting Files */,
			);
			path = ProgressDialogTests;
			sourceTree = "<group>";
		};
		A62AAD5E19A9F030006DFC77 /* Supporting Files */ = {
			isa = PBXGroup;
			children = (
				A62AAD5F19A9F030006DFC77 /* Info.plist */,
			);
			name = "Supporting Files";
			sourceTree = "<group>";
		};
/* End PBXGroup section */

/* Begin PBXNativeTarget section */
		A62AAD4619A9F030006DFC77 /* ProgressDialog */ = {
			isa = PBXNativeTarget;
			buildConfigurationList = A62AAD6419A9F030006DFC77 /* Build configuration list for PBXNativeTarget "ProgressDialog" */;
			buildPhases = (
				A62AAD4319A9F030006DFC77 /* Sources */,
				A62AAD4419A9F030006DFC77 /* Frameworks */,
				A62AAD4519A9F030006DFC77 /* Resources */,
			);
			buildRules = (
			);
			dependencies = (
			);
			name = ProgressDialog;
			productName = ProgressDialog;
			productReference = A62AAD4719A9F030006DFC77 /* ProgressDialog.app */;
			productType = "com.apple.product-type.application";
		};
		A62AAD5919A9F030006DFC77 /* ProgressDialogTests */ = {
			isa = PBXNativeTarget;
			buildConfigurationList = A62AAD6719A9F030006DFC77 /* Build configuration list for PBXNativeTarget "ProgressDialogTests" */;
			buildPhases = (
				A62AAD5619A9F030006DFC77 /* Sources */,
				A62AAD5719A9F030006DFC77 /* Frameworks */,
				A62AAD5819A9F030006DFC77 /* Resources */,
			);
			buildRules = (
			);
			dependencies = (
				A62AAD5C19A9F030006DFC77 /* PBXTargetDependency */,
			);
			name = ProgressDialogTests;
			productName = ProgressDialogTests;
			productReference = A62AAD5A19A9F030006DFC77 /* ProgressDialogTests.xctest */;
			productType = "com.apple.product-type.bundle.unit-test";
		};
/* End PBXNativeTarget section */

/* Begin PBXProject section */
		A62AAD3F19A9F030006DFC77 /* Project object */ = {
			isa = PBXProject;
			attributes = {
				LastUpgradeCheck = 0600;
				ORGANIZATIONNAME = tsntsumi;
				TargetAttributes = {
					A62AAD4619A9F030006DFC77 = {
						CreatedOnToolsVersion = 6.0;
					};
					A62AAD5919A9F030006DFC77 = {
						CreatedOnToolsVersion = 6.0;
						TestTargetID = A62AAD4619A9F030006DFC77;
					};
				};
			};
			buildConfigurationList = A62AAD4219A9F030006DFC77 /* Build configuration list for PBXProject "ProgressDialog" */;
			compatibilityVersion = "Xcode 3.2";
			developmentRegion = English;
			hasScannedForEncodings = 0;
			knownRegions = (
				en,
				Base,
			);
			mainGroup = A62AAD3E19A9F030006DFC77;
			productRefGroup = A62AAD4819A9F030006DFC77 /* Products */;
			projectDirPath = "";
			projectRoot = "";
			targets = (
				A62AAD4619A9F030006DFC77 /* ProgressDialog */,
				A62AAD5919A9F030006DFC77 /* ProgressDialogTests */,
			);
		};
/* End PBXProject section */

/* Begin PBXResourcesBuildPhase section */
		A62AAD4519A9F030006DFC77 /* Resources */ = {
			isa = PBXResourcesBuildPhase;
			buildActionMask = 2147483647;
			files = (
				A62AAD6D19A9F496006DFC77 /* ProgressDialog.sdef in Resources */,
				A62AAD5219A9F030006DFC77 /* Images.xcassets in Resources */,
				A62AAD5519A9F030006DFC77 /* MainMenu.xib in Resources */,
				A62AAD7219B22EE7006DFC77 /* ProgressDialog.icns in Resources */,
			);
			runOnlyForDeploymentPostprocessing = 0;
		};
		A62AAD5819A9F030006DFC77 /* Resources */ = {
			isa = PBXResourcesBuildPhase;
			buildActionMask = 2147483647;
			files = (
			);
			runOnlyForDeploymentPostprocessing = 0;
		};
/* End PBXResourcesBuildPhase section */

/* Begin PBXSourcesBuildPhase section */
		A62AAD4319A9F030006DFC77 /* Sources */ = {
			isa = PBXSourcesBuildPhase;
			buildActionMask = 2147483647;
			files = (
				A62AAD5019A9F030006DFC77 /* AppDelegate.m in Sources */,
				A62AAD7019A9F99B006DFC77 /* PRDWindow.m in Sources */,
				A62AAD4D19A9F030006DFC77 /* main.m in Sources */,
			);
			runOnlyForDeploymentPostprocessing = 0;
		};
		A62AAD5619A9F030006DFC77 /* Sources */ = {
			isa = PBXSourcesBuildPhase;
			buildActionMask = 2147483647;
			files = (
				A62AAD6119A9F030006DFC77 /* ProgressDialogTests.m in Sources */,
			);
			runOnlyForDeploymentPostprocessing = 0;
		};
/* End PBXSourcesBuildPhase section */

/* Begin PBXTargetDependency section */
		A62AAD5C19A9F030006DFC77 /* PBXTargetDependency */ = {
			isa = PBXTargetDependency;
			target = A62AAD4619A9F030006DFC77 /* ProgressDialog */;
			targetProxy = A62AAD5B19A9F030006DFC77 /* PBXContainerItemProxy */;
		};
/* End PBXTargetDependency section */

/* Begin PBXVariantGroup section */
		A62AAD5319A9F030006DFC77 /* MainMenu.xib */ = {
			isa = PBXVariantGroup;
			children = (
				A62AAD5419A9F030006DFC77 /* Base */,
			);
			name = MainMenu.xib;
			sourceTree = "<group>";
		};
/* End PBXVariantGroup section */

/* Begin XCBuildConfiguration section */
		A62AAD6219A9F030006DFC77 /* Debug */ = {
			isa = XCBuildConfiguration;
			buildSettings = {
				ALWAYS_SEARCH_USER_PATHS = NO;
				CLANG_CXX_LANGUAGE_STANDARD = "gnu++0x";
				CLANG_CXX_LIBRARY = "libc++";
				CLANG_ENABLE_MODULES = YES;
				CLANG_ENABLE_OBJC_ARC = YES;
				CLANG_WARN_BOOL_CONVERSION = YES;
				CLANG_WARN_CONSTANT_CONVERSION = YES;
				CLANG_WARN_DIRECT_OBJC_ISA_USAGE = YES_ERROR;
				CLANG_WARN_EMPTY_BODY = YES;
				CLANG_WARN_ENUM_CONVERSION = YES;
				CLANG_WARN_INT_CONVERSION = YES;
				CLANG_WARN_OBJC_ROOT_CLASS = YES_ERROR;
				CLANG_WARN_UNREACHABLE_CODE = YES;
				CLANG_WARN__DUPLICATE_METHOD_MATCH = YES;
				CODE_SIGN_IDENTITY = "-";
				COPY_PHASE_STRIP = NO;
				ENABLE_STRICT_OBJC_MSGSEND = YES;
				GCC_C_LANGUAGE_STANDARD = gnu99;
				GCC_DYNAMIC_NO_PIC = NO;
				GCC_OPTIMIZATION_LEVEL = 0;
				GCC_PREPROCESSOR_DEFINITIONS = (
					"DEBUG=1",
					"$(inherited)",
				);
				GCC_SYMBOLS_PRIVATE_EXTERN = NO;
				GCC_WARN_64_TO_32_BIT_CONVERSION = YES;
				GCC_WARN_ABOUT_RETURN_TYPE = YES_ERROR;
				GCC_WARN_UNDECLARED_SELECTOR = YES;
				GCC_WARN_UNINITIALIZED_AUTOS = YES_AGGRESSIVE;
				GCC_WARN_UNUSED_FUNCTION = YES;
				GCC_WARN_UNUSED_VARIABLE = YES;
				MACOSX_DEPLOYMENT_TARGET = 10.9;
				MTL_ENABLE_DEBUG_INFO = YES;
				ONLY_ACTIVE_ARCH = YES;
				SDKROOT = macosx;
			};
			name = Debug;
		};
		A62AAD6319A9F030006DFC77 /* Release */ = {
			isa = XCBuildConfiguration;
			buildSettings = {
				ALWAYS_SEARCH_USER_PATHS = NO;
				CLANG_CXX_LANGUAGE_STANDARD = "gnu++0x";
				CLANG_CXX_LIBRARY = "libc++";
				CLANG_ENABLE_MODULES = YES;
				CLANG_ENABLE_OBJC_ARC = YES;
				CLANG_WARN_BOOL_CONVERSION = YES;
				CLANG_WARN_CONSTANT_CONVERSION = YES;
				CLANG_WARN_DIRECT_OBJC_ISA_USAGE = YES_ERROR;
				CLANG_WARN_EMPTY_BODY = YES;
				CLANG_WARN_ENUM_CONVERSION = YES;
				CLANG_WARN_INT_CONVERSION = YES;
				CLANG_WARN_OBJC_ROOT_CLASS = YES_ERROR;
				CLANG_WARN_UNREACHABLE_CODE = YES;
				CLANG_WARN__DUPLICATE_METHOD_MATCH = YES;
				CODE_SIGN_IDENTITY = "-";
				COPY_PHASE_STRIP = YES;
				DEBUG_INFORMATION_FORMAT = "dwarf-with-dsym";
				ENABLE_NS_ASSERTIONS = NO;
				ENABLE_STRICT_OBJC_MSGSEND = YES;
				GCC_C_LANGUAGE_STANDARD = gnu99;
				GCC_WARN_64_TO_32_BIT_CONVERSION = YES;
				GCC_WARN_ABOUT_RETURN_TYPE = YES_ERROR;
				GCC_WARN_UNDECLARED_SELECTOR = YES;
				GCC_WARN_UNINITIALIZED_AUTOS = YES_AGGRESSIVE;
				GCC_WARN_UNUSED_FUNCTION = YES;
				GCC_WARN_UNUSED_VARIABLE = YES;
				MACOSX_DEPLOYMENT_TARGET = 10.9;
				MTL_ENABLE_DEBUG_INFO = NO;
				SDKROOT = macosx;
			};
			name = Release;
		};
		A62AAD6519A9F030006DFC77 /* Debug */ = {
			isa = XCBuildConfiguration;
			buildSettings = {
				ASSETCATALOG_COMPILER_APPICON_NAME = AppIcon;
				COMBINE_HIDPI_IMAGES = YES;
				INFOPLIST_FILE = ProgressDialog/Info.plist;
				LD_RUNPATH_SEARCH_PATHS = "$(inherited) @executable_path/../Frameworks";
				PRODUCT_NAME = "$(TARGET_NAME)";
			};
			name = Debug;
		};
		A62AAD6619A9F030006DFC77 /* Release */ = {
			isa = XCBuildConfiguration;
			buildSettings = {
				ASSETCATALOG_COMPILER_APPICON_NAME = AppIcon;
				COMBINE_HIDPI_IMAGES = YES;
				INFOPLIST_FILE = ProgressDialog/Info.plist;
				LD_RUNPATH_SEARCH_PATHS = "$(inherited) @executable_path/../Frameworks";
				PRODUCT_NAME = "$(TARGET_NAME)";
			};
			name = Release;
		};
		A62AAD6819A9F030006DFC77 /* Debug */ = {
			isa = XCBuildConfiguration;
			buildSettings = {
				BUNDLE_LOADER = "$(TEST_HOST)";
				COMBINE_HIDPI_IMAGES = YES;
				FRAMEWORK_SEARCH_PATHS = (
					"$(DEVELOPER_FRAMEWORKS_DIR)",
					"$(inherited)",
				);
				GCC_PREPROCESSOR_DEFINITIONS = (
					"DEBUG=1",
					"$(inherited)",
				);
				INFOPLIST_FILE = ProgressDialogTests/Info.plist;
				LD_RUNPATH_SEARCH_PATHS = "$(inherited) @executable_path/../Frameworks @loader_path/../Frameworks";
				PRODUCT_NAME = "$(TARGET_NAME)";
				TEST_HOST = "$(BUILT_PRODUCTS_DIR)/ProgressDialog.app/Contents/MacOS/ProgressDialog";
			};
			name = Debug;
		};
		A62AAD6919A9F030006DFC77 /* Release */ = {
			isa = XCBuildConfiguration;
			buildSettings = {
				BUNDLE_LOADER = "$(TEST_HOST)";
				COMBINE_HIDPI_IMAGES = YES;
				FRAMEWORK_SEARCH_PATHS = (
					"$(DEVELOPER_FRAMEWORKS_DIR)",
					"$(inherited)",
				);
				INFOPLIST_FILE = ProgressDialogTests/Info.plist;
				LD_RUNPATH_SEARCH_PATHS = "$(inherited) @executable_path/../Frameworks @loader_path/../Frameworks";
				PRODUCT_NAME = "$(TARGET_NAME)";
				TEST_HOST = "$(BUILT_PRODUCTS_DIR)/ProgressDialog.app/Contents/MacOS/ProgressDialog";
			};
			name = Release;
		};
/* End XCBuildConfiguration section */

/* Begin XCConfigurationList section */
		A62AAD4219A9F030006DFC77 /* Build configuration list for PBXProject "ProgressDialog" */ = {
			isa = XCConfigurationList;
			buildConfigurations = (
				A62AAD6219A9F030006DFC77 /* Debug */,
				A62AAD6319A9F030006DFC77 /* Release */,
			);
			defaultConfigurationIsVisible = 0;
			defaultConfigurationName = Release;
		};
		A62AAD6419A9F030006DFC77 /* Build configuration list for PBXNativeTarget "ProgressDialog" */ = {
			isa = XCConfigurationList;
			buildConfigurations = (
				A62AAD6519A9F030006DFC77 /* Debug */,
				A62AAD6619A9F030006DFC77 /* Release */,
			);
			defaultConfigurationIsVisible = 0;
		};
		A62AAD6719A9F030006DFC77 /* Build configuration list for PBXNativeTarget "ProgressDialogTests" */ = {
			isa = XCConfigurationList;
			buildConfigurations = (
				A62AAD6819A9F030006DFC77 /* Debug */,
				A62AAD6919A9F030006DFC77 /* Release */,
			);
			defaultConfigurationIsVisible = 0;
		};
/* End XCConfigurationList section */
	};
	rootObject = A62AAD3F19A9F030006DFC77 /* Project object */;
}
